
Microsoft Visual Studio Solution File, Format Version 12.00
# Visual Studio 15
VisualStudioVersion = 15.0.27703.2026
MinimumVisualStudioVersion = 10.0.40219.1
Project("{8BC9CEB8-8B4A-11D0-8D11-00A0C91BC942}") = "Project9", "Project9\Project9.vcxproj", "{D27392AE-882F-4106-A2F3-5A32F0C7FAFD}"
EndProject
Global
	GlobalSection(SolutionConfigurationPlatforms) = preSolution
		Debug|x64 = Debug|x64
		Debug|x86 = Debug|x86
		Release|x64 = Release|x64
		Release|x86 = Release|x86
	EndGlobalSection
	GlobalSection(ProjectConfigurationPlatforms) = postSolution
		{D27392AE-882F-4106-A2F3-5A32F0C7FAFD}.Debug|x64.ActiveCfg = Debug|x64
		{D27392AE-882F-4106-A2F3-5A32F0C7FAFD}.Debug|x64.Build.0 = Debug|x64
		{D27392AE-882F-4106-A2F3-5A32F0C7FAFD}.Debug|x86.ActiveCfg = Debug|Win32
		{D27392AE-882F-4106-A2F3-5A32F0C7FAFD}.Debug|x86.Build.0 = Debug|Win32
		{D27392AE-882F-4106-A2F3-5A32F0C7FAFD}.Release|x64.ActiveCfg = Release|x64
		{D27392AE-882F-4106-A2F3-5A32F0C7FAFD}.Release|x64.Build.0 = Release|x64
		{D27392AE-882F-4106-A2F3-5A32F0C7FAFD}.Release|x86.ActiveCfg = Release|Win32
		{D27392AE-882F-4106-A2F3-5A32F0C7FAFD}.Release|x86.Build.0 = Release|Win32
	EndGlobalSection
	GlobalSection(SolutionProperties) = preSolution
		HideSolutionNode = FALSE
	EndGlobalSection
	GlobalSection(ExtensibilityGlobals) = postSolution
		SolutionGuid = {7FE2E390-71EA-4089-9A61-7925C1CD7CB3}
	EndGlobalSection
EndGlobal
